
Microsoft Visual Studio Solution File, Format Version 12.00
# Visual Studio 15
VisualStudioVersion = 15.0.28307.572
MinimumVisualStudioVersion = 10.0.40219.1
Project("{9A19103F-16F7-4668-BE54-9A1E7A4F7556}") = "GreyWilson.Web.UI", "GreyWilson.Web.UI\GreyWilson.Web.UI.csproj", "{FA98EAAD-D3AB-4FA7-A408-71B0CA20F8B9}"
EndProject
Project("{9A19103F-16F7-4668-BE54-9A1E7A4F7556}") = "GreyWilson.Data", "GreyWilson.Data\GreyWilson.Data.csproj", "{144DA10A-8CBB-48AF-87BE-638F5795FCF3}"
EndProject
Global
	GlobalSection(SolutionConfigurationPlatforms) = preSolution
		Debug|Any CPU = Debug|Any CPU
		Release|Any CPU = Release|Any CPU
	EndGlobalSection
	GlobalSection(ProjectConfigurationPlatforms) = postSolution
		{FA98EAAD-D3AB-4FA7-A408-71B0CA20F8B9}.Debug|Any CPU.ActiveCfg = Debug|Any CPU
		{FA98EAAD-D3AB-4FA7-A408-71B0CA20F8B9}.Debug|Any CPU.Build.0 = Debug|Any CPU
		{FA98EAAD-D3AB-4FA7-A408-71B0CA20F8B9}.Release|Any CPU.ActiveCfg = Release|Any CPU
		{FA98EAAD-D3AB-4FA7-A408-71B0CA20F8B9}.Release|Any CPU.Build.0 = Release|Any CPU
		{144DA10A-8CBB-48AF-87BE-638F5795FCF3}.Debug|Any CPU.ActiveCfg = Debug|Any CPU
		{144DA10A-8CBB-48AF-87BE-638F5795FCF3}.Debug|Any CPU.Build.0 = Debug|Any CPU
		{144DA10A-8CBB-48AF-87BE-638F5795FCF3}.Release|Any CPU.ActiveCfg = Release|Any CPU
		{144DA10A-8CBB-48AF-87BE-638F5795FCF3}.Release|Any CPU.Build.0 = Release|Any CPU
	EndGlobalSection
	GlobalSection(SolutionProperties) = preSolution
		HideSolutionNode = FALSE
	EndGlobalSection
	GlobalSection(ExtensibilityGlobals) = postSolution
		SolutionGuid = {63174097-E10D-42FF-8E48-19AAFBAF4987}
	EndGlobalSection
EndGlobal
